
Microsoft Visual Studio Solution File, Format Version 12.00
# Visual Studio 15
VisualStudioVersion = 15.0.28307.168
MinimumVisualStudioVersion = 10.0.40219.1
Project("{FAE04EC0-301F-11D3-BF4B-00C04F79EFBC}") = "Test", "Test\Test.csproj", "{F7378817-9699-452F-87AD-1EB5176E1846}"
EndProject
Global
	GlobalSection(SolutionConfigurationPlatforms) = preSolution
		Debug|Any CPU = Debug|Any CPU
		Release|Any CPU = Release|Any CPU
	EndGlobalSection
	GlobalSection(ProjectConfigurationPlatforms) = postSolution
		{F7378817-9699-452F-87AD-1EB5176E1846}.Debug|Any CPU.ActiveCfg = Debug|Any CPU
		{F7378817-9699-452F-87AD-1EB5176E1846}.Debug|Any CPU.Build.0 = Debug|Any CPU
		{F7378817-9699-452F-87AD-1EB5176E1846}.Release|Any CPU.ActiveCfg = Release|Any CPU
		{F7378817-9699-452F-87AD-1EB5176E1846}.Release|Any CPU.Build.0 = Release|Any CPU
	EndGlobalSection
	GlobalSection(SolutionProperties) = preSolution
		HideSolutionNode = FALSE
	EndGlobalSection
	GlobalSection(ExtensibilityGlobals) = postSolution
		SolutionGuid = {08B7B364-783A-46C5-8591-F3E3C4E3852F}
	EndGlobalSection
EndGlobal
